
Microsoft Visual Studio Solution File, Format Version 12.00
# Visual Studio 15
VisualStudioVersion = 15.0.28307.1525
MinimumVisualStudioVersion = 10.0.40219.1
Project("{FAE04EC0-301F-11D3-BF4B-00C04F79EFBC}") = "Final", "Final\Final.csproj", "{D45B6805-966B-44F6-89A2-9C0FEC1AA549}"
EndProject
Global
	GlobalSection(SolutionConfigurationPlatforms) = preSolution
		Debug|Any CPU = Debug|Any CPU
		Release|Any CPU = Release|Any CPU
	EndGlobalSection
	GlobalSection(ProjectConfigurationPlatforms) = postSolution
		{D45B6805-966B-44F6-89A2-9C0FEC1AA549}.Debug|Any CPU.ActiveCfg = Debug|Any CPU
		{D45B6805-966B-44F6-89A2-9C0FEC1AA549}.Debug|Any CPU.Build.0 = Debug|Any CPU
		{D45B6805-966B-44F6-89A2-9C0FEC1AA549}.Release|Any CPU.ActiveCfg = Release|Any CPU
		{D45B6805-966B-44F6-89A2-9C0FEC1AA549}.Release|Any CPU.Build.0 = Release|Any CPU
	EndGlobalSection
	GlobalSection(SolutionProperties) = preSolution
		HideSolutionNode = FALSE
	EndGlobalSection
	GlobalSection(ExtensibilityGlobals) = postSolution
		SolutionGuid = {04B75E69-FE17-4947-9906-D7D1AD454FE2}
	EndGlobalSection
EndGlobal
